
Microsoft Visual Studio Solution File, Format Version 12.00
# Visual Studio Version 16
VisualStudioVersion = 16.0.30717.126
MinimumVisualStudioVersion = 10.0.40219.1
Project("{2150E333-8FDC-42A3-9474-1A3956D46DE8}") = "Platforms", "Platforms", "{B915492D-26FA-4C11-A5AD-FEDA333CB867}"
EndProject
Project("{FAE04EC0-301F-11D3-BF4B-00C04F79EFBC}") = "UnoApp.Droid", "UnoApp.Droid\UnoApp.Droid.csproj", "{05876687-089A-4DE6-B179-C36C71278C76}"
EndProject
Project("{FAE04EC0-301F-11D3-BF4B-00C04F79EFBC}") = "UnoApp.iOS", "UnoApp.iOS\UnoApp.iOS.csproj", "{DCBD0AE3-AC7F-407B-904A-9107631B45FD}"
EndProject
Project("{FAE04EC0-301F-11D3-BF4B-00C04F79EFBC}") = "UnoApp.UWP", "UnoApp.UWP\UnoApp.UWP.csproj", "{F1071C51-ABD0-4D97-82AF-BFB677024EBB}"
EndProject
Project("{9A19103F-16F7-4668-BE54-9A1E7A4F7556}") = "UnoApp.Wasm", "UnoApp.Wasm\UnoApp.Wasm.csproj", "{24AA0377-078F-4045-B214-989102DBFCBA}"
EndProject
Project("{FAE04EC0-301F-11D3-BF4B-00C04F79EFBC}") = "UnoApp.macOS", "UnoApp.macOS\UnoApp.macOS.csproj", "{19B9E601-5232-4242-A7E7-585FB52EC55C}"
EndProject
Project("{9A19103F-16F7-4668-BE54-9A1E7A4F7556}") = "UnoApp.Skia.Wpf.Host", "UnoApp.Skia.Wpf.Host\UnoApp.Skia.Wpf.Host.csproj", "{60874A1E-F423-45D6-9B6D-073B0E48D8BA}"
EndProject
Project("{9A19103F-16F7-4668-BE54-9A1E7A4F7556}") = "UnoApp.Skia.Wpf", "UnoApp.Skia.Wpf\UnoApp.Skia.Wpf.csproj", "{BA952FAF-3EEC-490E-A963-7ACD934FD627}"
EndProject
Project("{9A19103F-16F7-4668-BE54-9A1E7A4F7556}") = "UnoApp.Skia.Gtk", "UnoApp.Skia.Gtk\UnoApp.Skia.Gtk.csproj", "{AA4F2220-C948-44F4-B5B3-4D2E34105B13}"
EndProject
Project("{9A19103F-16F7-4668-BE54-9A1E7A4F7556}") = "UnoApp.Skia.Tizen", "UnoApp.Skia.Tizen\UnoApp.Skia.Tizen.csproj", "{417A6E81-4D2E-4D1F-988E-8FC21049D9CC}"
EndProject
Project("{D954291E-2A0B-460D-934E-DC6B0785DB48}") = "UnoApp.Shared", "UnoApp.Shared\UnoApp.Shared.shproj", "{6279C845-92F8-4333-AB99-3D213163593C}"
EndProject
Global
	GlobalSection(SharedMSBuildProjectFiles) = preSolution
		UnoApp.Shared\UnoApp.Shared.projitems*{05876687-089a-4de6-b179-c36c71278c76}*SharedItemsImports = 4
		UnoApp.Shared\UnoApp.Shared.projitems*{19b9e601-5232-4242-a7e7-585fb52ec55c}*SharedItemsImports = 4
		UnoApp.Shared\UnoApp.Shared.projitems*{24aa0377-078f-4045-b214-989102dbfcba}*SharedItemsImports = 5
		UnoApp.Shared\UnoApp.Shared.projitems*{417a6e81-4d2e-4d1f-988e-8fc21049d9cc}*SharedItemsImports = 5
		UnoApp.Shared\UnoApp.Shared.projitems*{6279c845-92f8-4333-ab99-3d213163593c}*SharedItemsImports = 13
		UnoApp.Shared\UnoApp.Shared.projitems*{aa4f2220-c948-44f4-b5b3-4d2e34105b13}*SharedItemsImports = 5
		UnoApp.Shared\UnoApp.Shared.projitems*{ba952faf-3eec-490e-a963-7acd934fd627}*SharedItemsImports = 5
		UnoApp.Shared\UnoApp.Shared.projitems*{dcbd0ae3-ac7f-407b-904a-9107631b45fd}*SharedItemsImports = 4
		UnoApp.Shared\UnoApp.Shared.projitems*{f1071c51-abd0-4d97-82af-bfb677024ebb}*SharedItemsImports = 4
	EndGlobalSection
	GlobalSection(SolutionConfigurationPlatforms) = preSolution
		Ad-Hoc|Any CPU = Ad-Hoc|Any CPU
		Ad-Hoc|ARM = Ad-Hoc|ARM
		Ad-Hoc|ARM64 = Ad-Hoc|ARM64
		Ad-Hoc|iPhone = Ad-Hoc|iPhone
		Ad-Hoc|iPhoneSimulator = Ad-Hoc|iPhoneSimulator
		Ad-Hoc|x64 = Ad-Hoc|x64
		Ad-Hoc|x86 = Ad-Hoc|x86
		AppStore|Any CPU = AppStore|Any CPU
		AppStore|ARM = AppStore|ARM
		AppStore|ARM64 = AppStore|ARM64
		AppStore|iPhone = AppStore|iPhone
		AppStore|iPhoneSimulator = AppStore|iPhoneSimulator
		AppStore|x64 = AppStore|x64
		AppStore|x86 = AppStore|x86
		Debug|Any CPU = Debug|Any CPU
		Debug|ARM = Debug|ARM
		Debug|ARM64 = Debug|ARM64
		Debug|iPhone = Debug|iPhone
		Debug|iPhoneSimulator = Debug|iPhoneSimulator
		Debug|x64 = Debug|x64
		Debug|x86 = Debug|x86
		Release|Any CPU = Release|Any CPU
		Release|ARM = Release|ARM
		Release|ARM64 = Release|ARM64
		Release|iPhone = Release|iPhone
		Release|iPhoneSimulator = Release|iPhoneSimulator
		Release|x64 = Release|x64
		Release|x86 = Release|x86
	EndGlobalSection
	GlobalSection(ProjectConfigurationPlatforms) = postSolution
		{05876687-089A-4DE6-B179-C36C71278C76}.Ad-Hoc|Any CPU.ActiveCfg = Debug|Any CPU
		{05876687-089A-4DE6-B179-C36C71278C76}.Ad-Hoc|Any CPU.Build.0 = Debug|Any CPU
		{05876687-089A-4DE6-B179-C36C71278C76}.Ad-Hoc|Any CPU.Deploy.0 = Debug|Any CPU
		{05876687-089A-4DE6-B179-C36C71278C76}.Ad-Hoc|ARM.ActiveCfg = Debug|Any CPU
		{05876687-089A-4DE6-B179-C36C71278C76}.Ad-Hoc|ARM.Build.0 = Debug|Any CPU
		{05876687-089A-4DE6-B179-C36C71278C76}.Ad-Hoc|ARM.Deploy.0 = Debug|Any CPU
		{05876687-089A-4DE6-B179-C36C71278C76}.Ad-Hoc|ARM64.ActiveCfg = Debug|Any CPU
		{05876687-089A-4DE6-B179-C36C71278C76}.Ad-Hoc|ARM64.Build.0 = Debug|Any CPU
		{05876687-089A-4DE6-B179-C36C71278C76}.Ad-Hoc|ARM64.Deploy.0 = Debug|Any CPU
		{05876687-089A-4DE6-B179-C36C71278C76}.Ad-Hoc|iPhone.ActiveCfg = Debug|Any CPU
		{05876687-089A-4DE6-B179-C36C71278C76}.Ad-Hoc|iPhone.Build.0 = Debug|Any CPU
		{05876687-089A-4DE6-B179-C36C71278C76}.Ad-Hoc|iPhone.Deploy.0 = Debug|Any CPU
		{05876687-089A-4DE6-B179-C36C71278C76}.Ad-Hoc|iPhoneSimulator.ActiveCfg = Debug|Any CPU
		{05876687-089A-4DE6-B179-C36C71278C76}.Ad-Hoc|iPhoneSimulator.Build.0 = Debug|Any CPU
		{05876687-089A-4DE6-B179-C36C71278C76}.Ad-Hoc|iPhoneSimulator.Deploy.0 = Debug|Any CPU
		{05876687-089A-4DE6-B179-C36C71278C76}.Ad-Hoc|x64.ActiveCfg = Debug|Any CPU
		{05876687-089A-4DE6-B179-C36C71278C76}.Ad-Hoc|x64.Build.0 = Debug|Any CPU
		{05876687-089A-4DE6-B179-C36C71278C76}.Ad-Hoc|x64.Deploy.0 = Debug|Any CPU
		{05876687-089A-4DE6-B179-C36C71278C76}.Ad-Hoc|x86.ActiveCfg = Debug|Any CPU
		{05876687-089A-4DE6-B179-C36C71278C76}.Ad-Hoc|x86.Build.0 = Debug|Any CPU
		{05876687-089A-4DE6-B179-C36C71278C76}.Ad-Hoc|x86.Deploy.0 = Debug|Any CPU
		{05876687-089A-4DE6-B179-C36C71278C76}.AppStore|Any CPU.ActiveCfg = Debug|Any CPU
		{05876687-089A-4DE6-B179-C36C71278C76}.AppStore|Any CPU.Build.0 = Debug|Any CPU
		{05876687-089A-4DE6-B179-C36C71278C76}.AppStore|Any CPU.Deploy.0 = Debug|Any CPU
		{05876687-089A-4DE6-B179-C36C71278C76}.AppStore|ARM.ActiveCfg = Debug|Any CPU
		{05876687-089A-4DE6-B179-C36C71278C76}.AppStore|ARM.Build.0 = Debug|Any CPU
		{05876687-089A-4DE6-B179-C36C71278C76}.AppStore|ARM.Deploy.0 = Debug|Any CPU
		{05876687-089A-4DE6-B179-C36C71278C76}.AppStore|ARM64.ActiveCfg = Debug|Any CPU
		{05876687-089A-4DE6-B179-C36C71278C76}.AppStore|ARM64.Build.0 = Debug|Any CPU
		{05876687-089A-4DE6-B179-C36C71278C76}.AppStore|ARM64.Deploy.0 = Debug|Any CPU
		{05876687-089A-4DE6-B179-C36C71278C76}.AppStore|iPhone.ActiveCfg = Debug|Any CPU
		{05876687-089A-4DE6-B179-C36C71278C76}.AppStore|iPhone.Build.0 = Debug|Any CPU
		{05876687-089A-4DE6-B179-C36C71278C76}.AppStore|iPhone.Deploy.0 = Debug|Any CPU
		{05876687-089A-4DE6-B179-C36C71278C76}.AppStore|iPhoneSimulator.ActiveCfg = Debug|Any CPU
		{05876687-089A-4DE6-B179-C36C71278C76}.AppStore|iPhoneSimulator.Build.0 = Debug|Any CPU
		{05876687-089A-4DE6-B179-C36C71278C76}.AppStore|iPhoneSimulator.Deploy.0 = Debug|Any CPU
		{05876687-089A-4DE6-B179-C36C71278C76}.AppStore|x64.ActiveCfg = Debug|Any CPU
		{05876687-089A-4DE6-B179-C36C71278C76}.AppStore|x64.Build.0 = Debug|Any CPU
		{05876687-089A-4DE6-B179-C36C71278C76}.AppStore|x64.Deploy.0 = Debug|Any CPU
		{05876687-089A-4DE6-B179-C36C71278C76}.AppStore|x86.ActiveCfg = Debug|Any CPU
		{05876687-089A-4DE6-B179-C36C71278C76}.AppStore|x86.Build.0 = Debug|Any CPU
		{05876687-089A-4DE6-B179-C36C71278C76}.AppStore|x86.Deploy.0 = Debug|Any CPU
		{05876687-089A-4DE6-B179-C36C71278C76}.Debug|Any CPU.ActiveCfg = Debug|Any CPU
		{05876687-089A-4DE6-B179-C36C71278C76}.Debug|Any CPU.Build.0 = Debug|Any CPU
		{05876687-089A-4DE6-B179-C36C71278C76}.Debug|Any CPU.Deploy.0 = Debug|Any CPU
		{05876687-089A-4DE6-B179-C36C71278C76}.Debug|ARM.ActiveCfg = Debug|Any CPU
		{05876687-089A-4DE6-B179-C36C71278C76}.Debug|ARM.Build.0 = Debug|Any CPU
		{05876687-089A-4DE6-B179-C36C71278C76}.Debug|ARM.Deploy.0 = Debug|Any CPU
		{05876687-089A-4DE6-B179-C36C71278C76}.Debug|ARM64.ActiveCfg = Debug|Any CPU
		{05876687-089A-4DE6-B179-C36C71278C76}.Debug|ARM64.Build.0 = Debug|Any CPU
		{05876687-089A-4DE6-B179-C36C71278C76}.Debug|ARM64.Deploy.0 = Debug|Any CPU
		{05876687-089A-4DE6-B179-C36C71278C76}.Debug|iPhone.ActiveCfg = Debug|Any CPU
		{05876687-089A-4DE6-B179-C36C71278C76}.Debug|iPhone.Build.0 = Debug|Any CPU
		{05876687-089A-4DE6-B179-C36C71278C76}.Debug|iPhone.Deploy.0 = Debug|Any CPU
		{05876687-089A-4DE6-B179-C36C71278C76}.Debug|iPhoneSimulator.ActiveCfg = Debug|Any CPU
		{05876687-089A-4DE6-B179-C36C71278C76}.Debug|iPhoneSimulator.Build.0 = Debug|Any CPU
		{05876687-089A-4DE6-B179-C36C71278C76}.Debug|iPhoneSimulator.Deploy.0 = Debug|Any CPU
		{05876687-089A-4DE6-B179-C36C71278C76}.Debug|x64.ActiveCfg = Debug|Any CPU
		{05876687-089A-4DE6-B179-C36C71278C76}.Debug|x64.Build.0 = Debug|Any CPU
		{05876687-089A-4DE6-B179-C36C71278C76}.Debug|x64.Deploy.0 = Debug|Any CPU
		{05876687-089A-4DE6-B179-C36C71278C76}.Debug|x86.ActiveCfg = Debug|Any CPU
		{05876687-089A-4DE6-B179-C36C71278C76}.Debug|x86.Build.0 = Debug|Any CPU
		{05876687-089A-4DE6-B179-C36C71278C76}.Debug|x86.Deploy.0 = Debug|Any CPU
		{05876687-089A-4DE6-B179-C36C71278C76}.Release|Any CPU.ActiveCfg = Release|Any CPU
		{05876687-089A-4DE6-B179-C36C71278C76}.Release|Any CPU.Build.0 = Release|Any CPU
		{05876687-089A-4DE6-B179-C36C71278C76}.Release|Any CPU.Deploy.0 = Release|Any CPU
		{05876687-089A-4DE6-B179-C36C71278C76}.Release|ARM.ActiveCfg = Release|Any CPU
		{05876687-089A-4DE6-B179-C36C71278C76}.Release|ARM.Build.0 = Release|Any CPU
		{05876687-089A-4DE6-B179-C36C71278C76}.Release|ARM.Deploy.0 = Release|Any CPU
		{05876687-089A-4DE6-B179-C36C71278C76}.Release|ARM64.ActiveCfg = Release|Any CPU
		{05876687-089A-4DE6-B179-C36C71278C76}.Release|ARM64.Build.0 = Release|Any CPU
		{05876687-089A-4DE6-B179-C36C71278C76}.Release|ARM64.Deploy.0 = Release|Any CPU
		{05876687-089A-4DE6-B179-C36C71278C76}.Release|iPhone.ActiveCfg = Release|Any CPU
		{05876687-089A-4DE6-B179-C36C71278C76}.Release|iPhone.Build.0 = Release|Any CPU
		{05876687-089A-4DE6-B179-C36C71278C76}.Release|iPhone.Deploy.0 = Release|Any CPU
		{05876687-089A-4DE6-B179-C36C71278C76}.Release|iPhoneSimulator.ActiveCfg = Release|Any CPU
		{05876687-089A-4DE6-B179-C36C71278C76}.Release|iPhoneSimulator.Build.0 = Release|Any CPU
		{05876687-089A-4DE6-B179-C36C71278C76}.Release|iPhoneSimulator.Deploy.0 = Release|Any CPU
		{05876687-089A-4DE6-B179-C36C71278C76}.Release|x64.ActiveCfg = Release|Any CPU
		{05876687-089A-4DE6-B179-C36C71278C76}.Release|x64.Build.0 = Release|Any CPU
		{05876687-089A-4DE6-B179-C36C71278C76}.Release|x64.Deploy.0 = Release|Any CPU
		{05876687-089A-4DE6-B179-C36C71278C76}.Release|x86.ActiveCfg = Release|Any CPU
		{05876687-089A-4DE6-B179-C36C71278C76}.Release|x86.Build.0 = Release|Any CPU
		{05876687-089A-4DE6-B179-C36C71278C76}.Release|x86.Deploy.0 = Release|Any CPU
		{DCBD0AE3-AC7F-407B-904A-9107631B45FD}.Ad-Hoc|Any CPU.ActiveCfg = Ad-Hoc|iPhoneSimulator
		{DCBD0AE3-AC7F-407B-904A-9107631B45FD}.Ad-Hoc|ARM.ActiveCfg = Ad-Hoc|iPhoneSimulator
		{DCBD0AE3-AC7F-407B-904A-9107631B45FD}.Ad-Hoc|ARM64.ActiveCfg = Ad-Hoc|iPhoneSimulator
		{DCBD0AE3-AC7F-407B-904A-9107631B45FD}.Ad-Hoc|iPhone.ActiveCfg = Ad-Hoc|iPhone
		{DCBD0AE3-AC7F-407B-904A-9107631B45FD}.Ad-Hoc|iPhone.Build.0 = Ad-Hoc|iPhone
		{DCBD0AE3-AC7F-407B-904A-9107631B45FD}.Ad-Hoc|iPhoneSimulator.ActiveCfg = Ad-Hoc|iPhoneSimulator
		{DCBD0AE3-AC7F-407B-904A-9107631B45FD}.Ad-Hoc|iPhoneSimulator.Build.0 = Ad-Hoc|iPhoneSimulator
		{DCBD0AE3-AC7F-407B-904A-9107631B45FD}.Ad-Hoc|x64.ActiveCfg = Ad-Hoc|iPhoneSimulator
		{DCBD0AE3-AC7F-407B-904A-9107631B45FD}.Ad-Hoc|x86.ActiveCfg = Ad-Hoc|iPhoneSimulator
		{DCBD0AE3-AC7F-407B-904A-9107631B45FD}.AppStore|Any CPU.ActiveCfg = AppStore|iPhoneSimulator
		{DCBD0AE3-AC7F-407B-904A-9107631B45FD}.AppStore|ARM.ActiveCfg = AppStore|iPhoneSimulator
		{DCBD0AE3-AC7F-407B-904A-9107631B45FD}.AppStore|ARM64.ActiveCfg = AppStore|iPhoneSimulator
		{DCBD0AE3-AC7F-407B-904A-9107631B45FD}.AppStore|iPhone.ActiveCfg = AppStore|iPhone
		{DCBD0AE3-AC7F-407B-904A-9107631B45FD}.AppStore|iPhone.Build.0 = AppStore|iPhone
		{DCBD0AE3-AC7F-407B-904A-9107631B45FD}.AppStore|iPhoneSimulator.ActiveCfg = AppStore|iPhoneSimulator
		{DCBD0AE3-AC7F-407B-904A-9107631B45FD}.AppStore|iPhoneSimulator.Build.0 = AppStore|iPhoneSimulator
		{DCBD0AE3-AC7F-407B-904A-9107631B45FD}.AppStore|x64.ActiveCfg = AppStore|iPhoneSimulator
		{DCBD0AE3-AC7F-407B-904A-9107631B45FD}.AppStore|x86.ActiveCfg = AppStore|iPhoneSimulator
		{DCBD0AE3-AC7F-407B-904A-9107631B45FD}.Debug|Any CPU.ActiveCfg = Debug|iPhoneSimulator
		{DCBD0AE3-AC7F-407B-904A-9107631B45FD}.Debug|ARM.ActiveCfg = Debug|iPhoneSimulator
		{DCBD0AE3-AC7F-407B-904A-9107631B45FD}.Debug|ARM64.ActiveCfg = Debug|iPhoneSimulator
		{DCBD0AE3-AC7F-407B-904A-9107631B45FD}.Debug|iPhone.ActiveCfg = Debug|iPhone
		{DCBD0AE3-AC7F-407B-904A-9107631B45FD}.Debug|iPhone.Build.0 = Debug|iPhone
		{DCBD0AE3-AC7F-407B-904A-9107631B45FD}.Debug|iPhoneSimulator.ActiveCfg = Debug|iPhoneSimulator
		{DCBD0AE3-AC7F-407B-904A-9107631B45FD}.Debug|iPhoneSimulator.Build.0 = Debug|iPhoneSimulator
		{DCBD0AE3-AC7F-407B-904A-9107631B45FD}.Debug|x64.ActiveCfg = Debug|iPhoneSimulator
		{DCBD0AE3-AC7F-407B-904A-9107631B45FD}.Debug|x86.ActiveCfg = Debug|iPhoneSimulator
		{DCBD0AE3-AC7F-407B-904A-9107631B45FD}.Release|Any CPU.ActiveCfg = Release|iPhoneSimulator
		{DCBD0AE3-AC7F-407B-904A-9107631B45FD}.Release|ARM.ActiveCfg = Release|iPhoneSimulator
		{DCBD0AE3-AC7F-407B-904A-9107631B45FD}.Release|ARM64.ActiveCfg = Release|iPhoneSimulator
		{DCBD0AE3-AC7F-407B-904A-9107631B45FD}.Release|iPhone.ActiveCfg = Release|iPhone
		{DCBD0AE3-AC7F-407B-904A-9107631B45FD}.Release|iPhone.Build.0 = Release|iPhone
		{DCBD0AE3-AC7F-407B-904A-9107631B45FD}.Release|iPhoneSimulator.ActiveCfg = Release|iPhoneSimulator
		{DCBD0AE3-AC7F-407B-904A-9107631B45FD}.Release|iPhoneSimulator.Build.0 = Release|iPhoneSimulator
		{DCBD0AE3-AC7F-407B-904A-9107631B45FD}.Release|x64.ActiveCfg = Release|iPhoneSimulator
		{DCBD0AE3-AC7F-407B-904A-9107631B45FD}.Release|x86.ActiveCfg = Release|iPhoneSimulator
		{F1071C51-ABD0-4D97-82AF-BFB677024EBB}.Ad-Hoc|Any CPU.ActiveCfg = Debug|x86
		{F1071C51-ABD0-4D97-82AF-BFB677024EBB}.Ad-Hoc|Any CPU.Build.0 = Debug|x86
		{F1071C51-ABD0-4D97-82AF-BFB677024EBB}.Ad-Hoc|Any CPU.Deploy.0 = Debug|x86
		{F1071C51-ABD0-4D97-82AF-BFB677024EBB}.Ad-Hoc|ARM.ActiveCfg = Debug|ARM
		{F1071C51-ABD0-4D97-82AF-BFB677024EBB}.Ad-Hoc|ARM.Build.0 = Debug|ARM
		{F1071C51-ABD0-4D97-82AF-BFB677024EBB}.Ad-Hoc|ARM.Deploy.0 = Debug|ARM
		{F1071C51-ABD0-4D97-82AF-BFB677024EBB}.Ad-Hoc|ARM64.ActiveCfg = Debug|ARM64
		{F1071C51-ABD0-4D97-82AF-BFB677024EBB}.Ad-Hoc|ARM64.Build.0 = Debug|ARM64
		{F1071C51-ABD0-4D97-82AF-BFB677024EBB}.Ad-Hoc|ARM64.Deploy.0 = Debug|ARM64
		{F1071C51-ABD0-4D97-82AF-BFB677024EBB}.Ad-Hoc|iPhone.ActiveCfg = Debug|x86
		{F1071C51-ABD0-4D97-82AF-BFB677024EBB}.Ad-Hoc|iPhone.Build.0 = Debug|x86
		{F1071C51-ABD0-4D97-82AF-BFB677024EBB}.Ad-Hoc|iPhone.Deploy.0 = Debug|x86
		{F1071C51-ABD0-4D97-82AF-BFB677024EBB}.Ad-Hoc|iPhoneSimulator.ActiveCfg = Debug|x86
		{F1071C51-ABD0-4D97-82AF-BFB677024EBB}.Ad-Hoc|iPhoneSimulator.Build.0 = Debug|x86
		{F1071C51-ABD0-4D97-82AF-BFB677024EBB}.Ad-Hoc|iPhoneSimulator.Deploy.0 = Debug|x86
		{F1071C51-ABD0-4D97-82AF-BFB677024EBB}.Ad-Hoc|x64.ActiveCfg = Debug|x64
		{F1071C51-ABD0-4D97-82AF-BFB677024EBB}.Ad-Hoc|x64.Build.0 = Debug|x64
		{F1071C51-ABD0-4D97-82AF-BFB677024EBB}.Ad-Hoc|x64.Deploy.0 = Debug|x64
		{F1071C51-ABD0-4D97-82AF-BFB677024EBB}.Ad-Hoc|x86.ActiveCfg = Debug|x86
		{F1071C51-ABD0-4D97-82AF-BFB677024EBB}.Ad-Hoc|x86.Build.0 = Debug|x86
		{F1071C51-ABD0-4D97-82AF-BFB677024EBB}.Ad-Hoc|x86.Deploy.0 = Debug|x86
		{F1071C51-ABD0-4D97-82AF-BFB677024EBB}.AppStore|Any CPU.ActiveCfg = Debug|x86
		{F1071C51-ABD0-4D97-82AF-BFB677024EBB}.AppStore|Any CPU.Build.0 = Debug|x86
		{F1071C51-ABD0-4D97-82AF-BFB677024EBB}.AppStore|Any CPU.Deploy.0 = Debug|x86
		{F1071C51-ABD0-4D97-82AF-BFB677024EBB}.AppStore|ARM.ActiveCfg = Debug|ARM
		{F1071C51-ABD0-4D97-82AF-BFB677024EBB}.AppStore|ARM.Build.0 = Debug|ARM
		{F1071C51-ABD0-4D97-82AF-BFB677024EBB}.AppStore|ARM.Deploy.0 = Debug|ARM
		{F1071C51-ABD0-4D97-82AF-BFB677024EBB}.AppStore|ARM64.ActiveCfg = Debug|ARM64
		{F1071C51-ABD0-4D97-82AF-BFB677024EBB}.AppStore|ARM64.Build.0 = Debug|ARM64
		{F1071C51-ABD0-4D97-82AF-BFB677024EBB}.AppStore|ARM64.Deploy.0 = Debug|ARM64
		{F1071C51-ABD0-4D97-82AF-BFB677024EBB}.AppStore|iPhone.ActiveCfg = Debug|x86
		{F1071C51-ABD0-4D97-82AF-BFB677024EBB}.AppStore|iPhone.Build.0 = Debug|x86
		{F1071C51-ABD0-4D97-82AF-BFB677024EBB}.AppStore|iPhone.Deploy.0 = Debug|x86
		{F1071C51-ABD0-4D97-82AF-BFB677024EBB}.AppStore|iPhoneSimulator.ActiveCfg = Debug|x86
		{F1071C51-ABD0-4D97-82AF-BFB677024EBB}.AppStore|iPhoneSimulator.Build.0 = Debug|x86
		{F1071C51-ABD0-4D97-82AF-BFB677024EBB}.AppStore|iPhoneSimulator.Deploy.0 = Debug|x86
		{F1071C51-ABD0-4D97-82AF-BFB677024EBB}.AppStore|x64.ActiveCfg = Debug|x64
		{F1071C51-ABD0-4D97-82AF-BFB677024EBB}.AppStore|x64.Build.0 = Debug|x64
		{F1071C51-ABD0-4D97-82AF-BFB677024EBB}.AppStore|x64.Deploy.0 = Debug|x64
		{F1071C51-ABD0-4D97-82AF-BFB677024EBB}.AppStore|x86.ActiveCfg = Debug|x86
		{F1071C51-ABD0-4D97-82AF-BFB677024EBB}.AppStore|x86.Build.0 = Debug|x86
		{F1071C51-ABD0-4D97-82AF-BFB677024EBB}.AppStore|x86.Deploy.0 = Debug|x86
		{F1071C51-ABD0-4D97-82AF-BFB677024EBB}.Debug|Any CPU.ActiveCfg = Debug|x86
		{F1071C51-ABD0-4D97-82AF-BFB677024EBB}.Debug|ARM.ActiveCfg = Debug|ARM
		{F1071C51-ABD0-4D97-82AF-BFB677024EBB}.Debug|ARM.Build.0 = Debug|ARM
		{F1071C51-ABD0-4D97-82AF-BFB677024EBB}.Debug|ARM.Deploy.0 = Debug|ARM
		{F1071C51-ABD0-4D97-82AF-BFB677024EBB}.Debug|ARM64.ActiveCfg = Debug|ARM64
		{F1071C51-ABD0-4D97-82AF-BFB677024EBB}.Debug|ARM64.Build.0 = Debug|ARM64
		{F1071C51-ABD0-4D97-82AF-BFB677024EBB}.Debug|ARM64.Deploy.0 = Debug|ARM64
		{F1071C51-ABD0-4D97-82AF-BFB677024EBB}.Debug|iPhone.ActiveCfg = Debug|x86
		{F1071C51-ABD0-4D97-82AF-BFB677024EBB}.Debug|iPhoneSimulator.ActiveCfg = Debug|x86
		{F1071C51-ABD0-4D97-82AF-BFB677024EBB}.Debug|x64.ActiveCfg = Debug|x64
		{F1071C51-ABD0-4D97-82AF-BFB677024EBB}.Debug|x64.Build.0 = Debug|x64
		{F1071C51-ABD0-4D97-82AF-BFB677024EBB}.Debug|x64.Deploy.0 = Debug|x64
		{F1071C51-ABD0-4D97-82AF-BFB677024EBB}.Debug|x86.ActiveCfg = Debug|x86
		{F1071C51-ABD0-4D97-82AF-BFB677024EBB}.Debug|x86.Build.0 = Debug|x86
		{F1071C51-ABD0-4D97-82AF-BFB677024EBB}.Debug|x86.Deploy.0 = Debug|x86
		{F1071C51-ABD0-4D97-82AF-BFB677024EBB}.Release|Any CPU.ActiveCfg = Release|x86
		{F1071C51-ABD0-4D97-82AF-BFB677024EBB}.Release|ARM.ActiveCfg = Release|ARM
		{F1071C51-ABD0-4D97-82AF-BFB677024EBB}.Release|ARM.Build.0 = Release|ARM
		{F1071C51-ABD0-4D97-82AF-BFB677024EBB}.Release|ARM.Deploy.0 = Release|ARM
		{F1071C51-ABD0-4D97-82AF-BFB677024EBB}.Release|ARM64.ActiveCfg = Release|ARM64
		{F1071C51-ABD0-4D97-82AF-BFB677024EBB}.Release|ARM64.Build.0 = Release|ARM64
		{F1071C51-ABD0-4D97-82AF-BFB677024EBB}.Release|ARM64.Deploy.0 = Release|ARM64
		{F1071C51-ABD0-4D97-82AF-BFB677024EBB}.Release|iPhone.ActiveCfg = Release|x86
		{F1071C51-ABD0-4D97-82AF-BFB677024EBB}.Release|iPhoneSimulator.ActiveCfg = Release|x86
		{F1071C51-ABD0-4D97-82AF-BFB677024EBB}.Release|x64.ActiveCfg = Release|x64
		{F1071C51-ABD0-4D97-82AF-BFB677024EBB}.Release|x64.Build.0 = Release|x64
		{F1071C51-ABD0-4D97-82AF-BFB677024EBB}.Release|x64.Deploy.0 = Release|x64
		{F1071C51-ABD0-4D97-82AF-BFB677024EBB}.Release|x86.ActiveCfg = Release|x86
		{F1071C51-ABD0-4D97-82AF-BFB677024EBB}.Release|x86.Build.0 = Release|x86
		{F1071C51-ABD0-4D97-82AF-BFB677024EBB}.Release|x86.Deploy.0 = Release|x86
		{24AA0377-078F-4045-B214-989102DBFCBA}.Ad-Hoc|Any CPU.ActiveCfg = Debug|Any CPU
		{24AA0377-078F-4045-B214-989102DBFCBA}.Ad-Hoc|Any CPU.Build.0 = Debug|Any CPU
		{24AA0377-078F-4045-B214-989102DBFCBA}.Ad-Hoc|ARM.ActiveCfg = Debug|Any CPU
		{24AA0377-078F-4045-B214-989102DBFCBA}.Ad-Hoc|ARM.Build.0 = Debug|Any CPU
		{24AA0377-078F-4045-B214-989102DBFCBA}.Ad-Hoc|ARM64.ActiveCfg = Debug|Any CPU
		{24AA0377-078F-4045-B214-989102DBFCBA}.Ad-Hoc|ARM64.Build.0 = Debug|Any CPU
		{24AA0377-078F-4045-B214-989102DBFCBA}.Ad-Hoc|iPhone.ActiveCfg = Debug|Any CPU
		{24AA0377-078F-4045-B214-989102DBFCBA}.Ad-Hoc|iPhone.Build.0 = Debug|Any CPU
		{24AA0377-078F-4045-B214-989102DBFCBA}.Ad-Hoc|iPhoneSimulator.ActiveCfg = Debug|Any CPU
		{24AA0377-078F-4045-B214-989102DBFCBA}.Ad-Hoc|iPhoneSimulator.Build.0 = Debug|Any CPU
		{24AA0377-078F-4045-B214-989102DBFCBA}.Ad-Hoc|x64.ActiveCfg = Debug|Any CPU
		{24AA0377-078F-4045-B214-989102DBFCBA}.Ad-Hoc|x64.Build.0 = Debug|Any CPU
		{24AA0377-078F-4045-B214-989102DBFCBA}.Ad-Hoc|x86.ActiveCfg = Debug|Any CPU
		{24AA0377-078F-4045-B214-989102DBFCBA}.Ad-Hoc|x86.Build.0 = Debug|Any CPU
		{24AA0377-078F-4045-B214-989102DBFCBA}.AppStore|Any CPU.ActiveCfg = Debug|Any CPU
		{24AA0377-078F-4045-B214-989102DBFCBA}.AppStore|Any CPU.Build.0 = Debug|Any CPU
		{24AA0377-078F-4045-B214-989102DBFCBA}.AppStore|ARM.ActiveCfg = Debug|Any CPU
		{24AA0377-078F-4045-B214-989102DBFCBA}.AppStore|ARM.Build.0 = Debug|Any CPU
		{24AA0377-078F-4045-B214-989102DBFCBA}.AppStore|ARM64.ActiveCfg = Debug|Any CPU
		{24AA0377-078F-4045-B214-989102DBFCBA}.AppStore|ARM64.Build.0 = Debug|Any CPU
		{24AA0377-078F-4045-B214-989102DBFCBA}.AppStore|iPhone.ActiveCfg = Debug|Any CPU
		{24AA0377-078F-4045-B214-989102DBFCBA}.AppStore|iPhone.Build.0 = Debug|Any CPU
		{24AA0377-078F-4045-B214-989102DBFCBA}.AppStore|iPhoneSimulator.ActiveCfg = Debug|Any CPU
		{24AA0377-078F-4045-B214-989102DBFCBA}.AppStore|iPhoneSimulator.Build.0 = Debug|Any CPU
		{24AA0377-078F-4045-B214-989102DBFCBA}.AppStore|x64.ActiveCfg = Debug|Any CPU
		{24AA0377-078F-4045-B214-989102DBFCBA}.AppStore|x64.Build.0 = Debug|Any CPU
		{24AA0377-078F-4045-B214-989102DBFCBA}.AppStore|x86.ActiveCfg = Debug|Any CPU
		{24AA0377-078F-4045-B214-989102DBFCBA}.AppStore|x86.Build.0 = Debug|Any CPU
		{24AA0377-078F-4045-B214-989102DBFCBA}.Debug|Any CPU.ActiveCfg = Debug|Any CPU
		{24AA0377-078F-4045-B214-989102DBFCBA}.Debug|Any CPU.Build.0 = Debug|Any CPU
		{24AA0377-078F-4045-B214-989102DBFCBA}.Debug|ARM.ActiveCfg = Debug|Any CPU
		{24AA0377-078F-4045-B214-989102DBFCBA}.Debug|ARM.Build.0 = Debug|Any CPU
		{24AA0377-078F-4045-B214-989102DBFCBA}.Debug|ARM64.ActiveCfg = Debug|Any CPU
		{24AA0377-078F-4045-B214-989102DBFCBA}.Debug|ARM64.Build.0 = Debug|Any CPU
		{24AA0377-078F-4045-B214-989102DBFCBA}.Debug|iPhone.ActiveCfg = Debug|Any CPU
		{24AA0377-078F-4045-B214-989102DBFCBA}.Debug|iPhone.Build.0 = Debug|Any CPU
		{24AA0377-078F-4045-B214-989102DBFCBA}.Debug|iPhoneSimulator.ActiveCfg = Debug|Any CPU
		{24AA0377-078F-4045-B214-989102DBFCBA}.Debug|iPhoneSimulator.Build.0 = Debug|Any CPU
		{24AA0377-078F-4045-B214-989102DBFCBA}.Debug|x64.ActiveCfg = Debug|Any CPU
		{24AA0377-078F-4045-B214-989102DBFCBA}.Debug|x64.Build.0 = Debug|Any CPU
		{24AA0377-078F-4045-B214-989102DBFCBA}.Debug|x86.ActiveCfg = Debug|Any CPU
		{24AA0377-078F-4045-B214-989102DBFCBA}.Debug|x86.Build.0 = Debug|Any CPU
		{24AA0377-078F-4045-B214-989102DBFCBA}.Release|Any CPU.ActiveCfg = Release|Any CPU
		{24AA0377-078F-4045-B214-989102DBFCBA}.Release|Any CPU.Build.0 = Release|Any CPU
		{24AA0377-078F-4045-B214-989102DBFCBA}.Release|ARM.ActiveCfg = Release|Any CPU
		{24AA0377-078F-4045-B214-989102DBFCBA}.Release|ARM.Build.0 = Release|Any CPU
		{24AA0377-078F-4045-B214-989102DBFCBA}.Release|ARM64.ActiveCfg = Release|Any CPU
		{24AA0377-078F-4045-B214-989102DBFCBA}.Release|ARM64.Build.0 = Release|Any CPU
		{24AA0377-078F-4045-B214-989102DBFCBA}.Release|iPhone.ActiveCfg = Release|Any CPU
		{24AA0377-078F-4045-B214-989102DBFCBA}.Release|iPhone.Build.0 = Release|Any CPU
		{24AA0377-078F-4045-B214-989102DBFCBA}.Release|iPhoneSimulator.ActiveCfg = Release|Any CPU
		{24AA0377-078F-4045-B214-989102DBFCBA}.Release|iPhoneSimulator.Build.0 = Release|Any CPU
		{24AA0377-078F-4045-B214-989102DBFCBA}.Release|x64.ActiveCfg = Release|Any CPU
		{24AA0377-078F-4045-B214-989102DBFCBA}.Release|x64.Build.0 = Release|Any CPU
		{24AA0377-078F-4045-B214-989102DBFCBA}.Release|x86.ActiveCfg = Release|Any CPU
		{24AA0377-078F-4045-B214-989102DBFCBA}.Release|x86.Build.0 = Release|Any CPU
		{19B9E601-5232-4242-A7E7-585FB52EC55C}.Ad-Hoc|Any CPU.ActiveCfg = Debug|iPhoneSimulator
		{19B9E601-5232-4242-A7E7-585FB52EC55C}.Ad-Hoc|Any CPU.Build.0 = Debug|iPhoneSimulator
		{19B9E601-5232-4242-A7E7-585FB52EC55C}.Ad-Hoc|ARM.ActiveCfg = Debug|iPhoneSimulator
		{19B9E601-5232-4242-A7E7-585FB52EC55C}.Ad-Hoc|ARM.Build.0 = Debug|iPhoneSimulator
		{19B9E601-5232-4242-A7E7-585FB52EC55C}.Ad-Hoc|ARM64.ActiveCfg = Debug|iPhoneSimulator
		{19B9E601-5232-4242-A7E7-585FB52EC55C}.Ad-Hoc|ARM64.Build.0 = Debug|iPhoneSimulator
		{19B9E601-5232-4242-A7E7-585FB52EC55C}.Ad-Hoc|iPhone.ActiveCfg = Debug|iPhoneSimulator
		{19B9E601-5232-4242-A7E7-585FB52EC55C}.Ad-Hoc|iPhone.Build.0 = Debug|iPhoneSimulator
		{19B9E601-5232-4242-A7E7-585FB52EC55C}.Ad-Hoc|iPhoneSimulator.ActiveCfg = Debug|iPhoneSimulator
		{19B9E601-5232-4242-A7E7-585FB52EC55C}.Ad-Hoc|iPhoneSimulator.Build.0 = Debug|iPhoneSimulator
		{19B9E601-5232-4242-A7E7-585FB52EC55C}.Ad-Hoc|x64.ActiveCfg = Debug|iPhoneSimulator
		{19B9E601-5232-4242-A7E7-585FB52EC55C}.Ad-Hoc|x64.Build.0 = Debug|iPhoneSimulator
		{19B9E601-5232-4242-A7E7-585FB52EC55C}.Ad-Hoc|x86.ActiveCfg = Debug|iPhoneSimulator
		{19B9E601-5232-4242-A7E7-585FB52EC55C}.Ad-Hoc|x86.Build.0 = Debug|iPhoneSimulator
		{19B9E601-5232-4242-A7E7-585FB52EC55C}.AppStore|Any CPU.ActiveCfg = Debug|iPhoneSimulator
		{19B9E601-5232-4242-A7E7-585FB52EC55C}.AppStore|Any CPU.Build.0 = Debug|iPhoneSimulator
		{19B9E601-5232-4242-A7E7-585FB52EC55C}.AppStore|ARM.ActiveCfg = Debug|iPhoneSimulator
		{19B9E601-5232-4242-A7E7-585FB52EC55C}.AppStore|ARM.Build.0 = Debug|iPhoneSimulator
		{19B9E601-5232-4242-A7E7-585FB52EC55C}.AppStore|ARM64.ActiveCfg = Debug|iPhoneSimulator
		{19B9E601-5232-4242-A7E7-585FB52EC55C}.AppStore|ARM64.Build.0 = Debug|iPhoneSimulator
		{19B9E601-5232-4242-A7E7-585FB52EC55C}.AppStore|iPhone.ActiveCfg = Debug|iPhoneSimulator
		{19B9E601-5232-4242-A7E7-585FB52EC55C}.AppStore|iPhone.Build.0 = Debug|iPhoneSimulator
		{19B9E601-5232-4242-A7E7-585FB52EC55C}.AppStore|iPhoneSimulator.ActiveCfg = Debug|iPhoneSimulator
		{19B9E601-5232-4242-A7E7-585FB52EC55C}.AppStore|iPhoneSimulator.Build.0 = Debug|iPhoneSimulator
		{19B9E601-5232-4242-A7E7-585FB52EC55C}.AppStore|x64.ActiveCfg = Debug|iPhoneSimulator
		{19B9E601-5232-4242-A7E7-585FB52EC55C}.AppStore|x64.Build.0 = Debug|iPhoneSimulator
		{19B9E601-5232-4242-A7E7-585FB52EC55C}.AppStore|x86.ActiveCfg = Debug|iPhoneSimulator
		{19B9E601-5232-4242-A7E7-585FB52EC55C}.AppStore|x86.Build.0 = Debug|iPhoneSimulator
		{19B9E601-5232-4242-A7E7-585FB52EC55C}.Debug|Any CPU.ActiveCfg = Debug|iPhoneSimulator
		{19B9E601-5232-4242-A7E7-585FB52EC55C}.Debug|ARM.ActiveCfg = Debug|iPhoneSimulator
		{19B9E601-5232-4242-A7E7-585FB52EC55C}.Debug|ARM64.ActiveCfg = Debug|iPhoneSimulator
		{19B9E601-5232-4242-A7E7-585FB52EC55C}.Debug|iPhone.ActiveCfg = Debug|iPhoneSimulator
		{19B9E601-5232-4242-A7E7-585FB52EC55C}.Debug|iPhoneSimulator.ActiveCfg = Debug|iPhoneSimulator
		{19B9E601-5232-4242-A7E7-585FB52EC55C}.Debug|iPhoneSimulator.Build.0 = Debug|iPhoneSimulator
		{19B9E601-5232-4242-A7E7-585FB52EC55C}.Debug|x64.ActiveCfg = Debug|iPhoneSimulator
		{19B9E601-5232-4242-A7E7-585FB52EC55C}.Debug|x86.ActiveCfg = Debug|iPhoneSimulator
		{19B9E601-5232-4242-A7E7-585FB52EC55C}.Release|Any CPU.ActiveCfg = Release|iPhoneSimulator
		{19B9E601-5232-4242-A7E7-585FB52EC55C}.Release|ARM.ActiveCfg = Release|iPhoneSimulator
		{19B9E601-5232-4242-A7E7-585FB52EC55C}.Release|ARM64.ActiveCfg = Release|iPhoneSimulator
		{19B9E601-5232-4242-A7E7-585FB52EC55C}.Release|iPhone.ActiveCfg = Release|iPhoneSimulator
		{19B9E601-5232-4242-A7E7-585FB52EC55C}.Release|iPhoneSimulator.ActiveCfg = Release|iPhoneSimulator
		{19B9E601-5232-4242-A7E7-585FB52EC55C}.Release|iPhoneSimulator.Build.0 = Release|iPhoneSimulator
		{19B9E601-5232-4242-A7E7-585FB52EC55C}.Release|x64.ActiveCfg = Release|iPhoneSimulator
		{19B9E601-5232-4242-A7E7-585FB52EC55C}.Release|x86.ActiveCfg = Release|iPhoneSimulator
		{60874A1E-F423-45D6-9B6D-073B0E48D8BA}.Ad-Hoc|Any CPU.ActiveCfg = Debug|Any CPU
		{60874A1E-F423-45D6-9B6D-073B0E48D8BA}.Ad-Hoc|Any CPU.Build.0 = Debug|Any CPU
		{60874A1E-F423-45D6-9B6D-073B0E48D8BA}.Ad-Hoc|ARM.ActiveCfg = Debug|Any CPU
		{60874A1E-F423-45D6-9B6D-073B0E48D8BA}.Ad-Hoc|ARM.Build.0 = Debug|Any CPU
		{60874A1E-F423-45D6-9B6D-073B0E48D8BA}.Ad-Hoc|ARM64.ActiveCfg = Debug|Any CPU
		{60874A1E-F423-45D6-9B6D-073B0E48D8BA}.Ad-Hoc|ARM64.Build.0 = Debug|Any CPU
		{60874A1E-F423-45D6-9B6D-073B0E48D8BA}.Ad-Hoc|iPhone.ActiveCfg = Debug|Any CPU
		{60874A1E-F423-45D6-9B6D-073B0E48D8BA}.Ad-Hoc|iPhone.Build.0 = Debug|Any CPU
		{60874A1E-F423-45D6-9B6D-073B0E48D8BA}.Ad-Hoc|iPhoneSimulator.ActiveCfg = Debug|Any CPU
		{60874A1E-F423-45D6-9B6D-073B0E48D8BA}.Ad-Hoc|iPhoneSimulator.Build.0 = Debug|Any CPU
		{60874A1E-F423-45D6-9B6D-073B0E48D8BA}.Ad-Hoc|x64.ActiveCfg = Debug|Any CPU
		{60874A1E-F423-45D6-9B6D-073B0E48D8BA}.Ad-Hoc|x64.Build.0 = Debug|Any CPU
		{60874A1E-F423-45D6-9B6D-073B0E48D8BA}.Ad-Hoc|x86.ActiveCfg = Debug|Any CPU
		{60874A1E-F423-45D6-9B6D-073B0E48D8BA}.Ad-Hoc|x86.Build.0 = Debug|Any CPU
		{60874A1E-F423-45D6-9B6D-073B0E48D8BA}.AppStore|Any CPU.ActiveCfg = Debug|Any CPU
		{60874A1E-F423-45D6-9B6D-073B0E48D8BA}.AppStore|Any CPU.Build.0 = Debug|Any CPU
		{60874A1E-F423-45D6-9B6D-073B0E48D8BA}.AppStore|ARM.ActiveCfg = Debug|Any CPU
		{60874A1E-F423-45D6-9B6D-073B0E48D8BA}.AppStore|ARM.Build.0 = Debug|Any CPU
		{60874A1E-F423-45D6-9B6D-073B0E48D8BA}.AppStore|ARM64.ActiveCfg = Debug|Any CPU
		{60874A1E-F423-45D6-9B6D-073B0E48D8BA}.AppStore|ARM64.Build.0 = Debug|Any CPU
		{60874A1E-F423-45D6-9B6D-073B0E48D8BA}.AppStore|iPhone.ActiveCfg = Debug|Any CPU
		{60874A1E-F423-45D6-9B6D-073B0E48D8BA}.AppStore|iPhone.Build.0 = Debug|Any CPU
		{60874A1E-F423-45D6-9B6D-073B0E48D8BA}.AppStore|iPhoneSimulator.ActiveCfg = Debug|Any CPU
		{60874A1E-F423-45D6-9B6D-073B0E48D8BA}.AppStore|iPhoneSimulator.Build.0 = Debug|Any CPU
		{60874A1E-F423-45D6-9B6D-073B0E48D8BA}.AppStore|x64.ActiveCfg = Debug|Any CPU
		{60874A1E-F423-45D6-9B6D-073B0E48D8BA}.AppStore|x64.Build.0 = Debug|Any CPU
		{60874A1E-F423-45D6-9B6D-073B0E48D8BA}.AppStore|x86.ActiveCfg = Debug|Any CPU
		{60874A1E-F423-45D6-9B6D-073B0E48D8BA}.AppStore|x86.Build.0 = Debug|Any CPU
		{60874A1E-F423-45D6-9B6D-073B0E48D8BA}.Debug|Any CPU.ActiveCfg = Debug|Any CPU
		{60874A1E-F423-45D6-9B6D-073B0E48D8BA}.Debug|Any CPU.Build.0 = Debug|Any CPU
		{60874A1E-F423-45D6-9B6D-073B0E48D8BA}.Debug|ARM.ActiveCfg = Debug|Any CPU
		{60874A1E-F423-45D6-9B6D-073B0E48D8BA}.Debug|ARM.Build.0 = Debug|Any CPU
		{60874A1E-F423-45D6-9B6D-073B0E48D8BA}.Debug|ARM64.ActiveCfg = Debug|Any CPU
		{60874A1E-F423-45D6-9B6D-073B0E48D8BA}.Debug|ARM64.Build.0 = Debug|Any CPU
		{60874A1E-F423-45D6-9B6D-073B0E48D8BA}.Debug|iPhone.ActiveCfg = Debug|Any CPU
		{60874A1E-F423-45D6-9B6D-073B0E48D8BA}.Debug|iPhone.Build.0 = Debug|Any CPU
		{60874A1E-F423-45D6-9B6D-073B0E48D8BA}.Debug|iPhoneSimulator.ActiveCfg = Debug|Any CPU
		{60874A1E-F423-45D6-9B6D-073B0E48D8BA}.Debug|iPhoneSimulator.Build.0 = Debug|Any CPU
		{60874A1E-F423-45D6-9B6D-073B0E48D8BA}.Debug|x64.ActiveCfg = Debug|Any CPU
		{60874A1E-F423-45D6-9B6D-073B0E48D8BA}.Debug|x64.Build.0 = Debug|Any CPU
		{60874A1E-F423-45D6-9B6D-073B0E48D8BA}.Debug|x86.ActiveCfg = Debug|Any CPU
		{60874A1E-F423-45D6-9B6D-073B0E48D8BA}.Debug|x86.Build.0 = Debug|Any CPU
		{60874A1E-F423-45D6-9B6D-073B0E48D8BA}.Release|Any CPU.ActiveCfg = Release|Any CPU
		{60874A1E-F423-45D6-9B6D-073B0E48D8BA}.Release|Any CPU.Build.0 = Release|Any CPU
		{60874A1E-F423-45D6-9B6D-073B0E48D8BA}.Release|ARM.ActiveCfg = Release|Any CPU
		{60874A1E-F423-45D6-9B6D-073B0E48D8BA}.Release|ARM.Build.0 = Release|Any CPU
		{60874A1E-F423-45D6-9B6D-073B0E48D8BA}.Release|ARM64.ActiveCfg = Release|Any CPU
		{60874A1E-F423-45D6-9B6D-073B0E48D8BA}.Release|ARM64.Build.0 = Release|Any CPU
		{60874A1E-F423-45D6-9B6D-073B0E48D8BA}.Release|iPhone.ActiveCfg = Release|Any CPU
		{60874A1E-F423-45D6-9B6D-073B0E48D8BA}.Release|iPhone.Build.0 = Release|Any CPU
		{60874A1E-F423-45D6-9B6D-073B0E48D8BA}.Release|iPhoneSimulator.ActiveCfg = Release|Any CPU
		{60874A1E-F423-45D6-9B6D-073B0E48D8BA}.Release|iPhoneSimulator.Build.0 = Release|Any CPU
		{60874A1E-F423-45D6-9B6D-073B0E48D8BA}.Release|x64.ActiveCfg = Release|Any CPU
		{60874A1E-F423-45D6-9B6D-073B0E48D8BA}.Release|x64.Build.0 = Release|Any CPU
		{60874A1E-F423-45D6-9B6D-073B0E48D8BA}.Release|x86.ActiveCfg = Release|Any CPU
		{60874A1E-F423-45D6-9B6D-073B0E48D8BA}.Release|x86.Build.0 = Release|Any CPU
		{BA952FAF-3EEC-490E-A963-7ACD934FD627}.Ad-Hoc|Any CPU.ActiveCfg = Debug|Any CPU
		{BA952FAF-3EEC-490E-A963-7ACD934FD627}.Ad-Hoc|Any CPU.Build.0 = Debug|Any CPU
		{BA952FAF-3EEC-490E-A963-7ACD934FD627}.Ad-Hoc|ARM.ActiveCfg = Debug|Any CPU
		{BA952FAF-3EEC-490E-A963-7ACD934FD627}.Ad-Hoc|ARM.Build.0 = Debug|Any CPU
		{BA952FAF-3EEC-490E-A963-7ACD934FD627}.Ad-Hoc|ARM64.ActiveCfg = Debug|Any CPU
		{BA952FAF-3EEC-490E-A963-7ACD934FD627}.Ad-Hoc|ARM64.Build.0 = Debug|Any CPU
		{BA952FAF-3EEC-490E-A963-7ACD934FD627}.Ad-Hoc|iPhone.ActiveCfg = Debug|Any CPU
		{BA952FAF-3EEC-490E-A963-7ACD934FD627}.Ad-Hoc|iPhone.Build.0 = Debug|Any CPU
		{BA952FAF-3EEC-490E-A963-7ACD934FD627}.Ad-Hoc|iPhoneSimulator.ActiveCfg = Debug|Any CPU
		{BA952FAF-3EEC-490E-A963-7ACD934FD627}.Ad-Hoc|iPhoneSimulator.Build.0 = Debug|Any CPU
		{BA952FAF-3EEC-490E-A963-7ACD934FD627}.Ad-Hoc|x64.ActiveCfg = Debug|Any CPU
		{BA952FAF-3EEC-490E-A963-7ACD934FD627}.Ad-Hoc|x64.Build.0 = Debug|Any CPU
		{BA952FAF-3EEC-490E-A963-7ACD934FD627}.Ad-Hoc|x86.ActiveCfg = Debug|Any CPU
		{BA952FAF-3EEC-490E-A963-7ACD934FD627}.Ad-Hoc|x86.Build.0 = Debug|Any CPU
		{BA952FAF-3EEC-490E-A963-7ACD934FD627}.AppStore|Any CPU.ActiveCfg = Debug|Any CPU
		{BA952FAF-3EEC-490E-A963-7ACD934FD627}.AppStore|Any CPU.Build.0 = Debug|Any CPU
		{BA952FAF-3EEC-490E-A963-7ACD934FD627}.AppStore|ARM.ActiveCfg = Debug|Any CPU
		{BA952FAF-3EEC-490E-A963-7ACD934FD627}.AppStore|ARM.Build.0 = Debug|Any CPU
		{BA952FAF-3EEC-490E-A963-7ACD934FD627}.AppStore|ARM64.ActiveCfg = Debug|Any CPU
		{BA952FAF-3EEC-490E-A963-7ACD934FD627}.AppStore|ARM64.Build.0 = Debug|Any CPU
		{BA952FAF-3EEC-490E-A963-7ACD934FD627}.AppStore|iPhone.ActiveCfg = Debug|Any CPU
		{BA952FAF-3EEC-490E-A963-7ACD934FD627}.AppStore|iPhone.Build.0 = Debug|Any CPU
		{BA952FAF-3EEC-490E-A963-7ACD934FD627}.AppStore|iPhoneSimulator.ActiveCfg = Debug|Any CPU
		{BA952FAF-3EEC-490E-A963-7ACD934FD627}.AppStore|iPhoneSimulator.Build.0 = Debug|Any CPU
		{BA952FAF-3EEC-490E-A963-7ACD934FD627}.AppStore|x64.ActiveCfg = Debug|Any CPU
		{BA952FAF-3EEC-490E-A963-7ACD934FD627}.AppStore|x64.Build.0 = Debug|Any CPU
		{BA952FAF-3EEC-490E-A963-7ACD934FD627}.AppStore|x86.ActiveCfg = Debug|Any CPU
		{BA952FAF-3EEC-490E-A963-7ACD934FD627}.AppStore|x86.Build.0 = Debug|Any CPU
		{BA952FAF-3EEC-490E-A963-7ACD934FD627}.Debug|Any CPU.ActiveCfg = Debug|Any CPU
		{BA952FAF-3EEC-490E-A963-7ACD934FD627}.Debug|Any CPU.Build.0 = Debug|Any CPU
		{BA952FAF-3EEC-490E-A963-7ACD934FD627}.Debug|ARM.ActiveCfg = Debug|Any CPU
		{BA952FAF-3EEC-490E-A963-7ACD934FD627}.Debug|ARM.Build.0 = Debug|Any CPU
		{BA952FAF-3EEC-490E-A963-7ACD934FD627}.Debug|ARM64.ActiveCfg = Debug|Any CPU
		{BA952FAF-3EEC-490E-A963-7ACD934FD627}.Debug|ARM64.Build.0 = Debug|Any CPU
		{BA952FAF-3EEC-490E-A963-7ACD934FD627}.Debug|iPhone.ActiveCfg = Debug|Any CPU
		{BA952FAF-3EEC-490E-A963-7ACD934FD627}.Debug|iPhone.Build.0 = Debug|Any CPU
		{BA952FAF-3EEC-490E-A963-7ACD934FD627}.Debug|iPhoneSimulator.ActiveCfg = Debug|Any CPU
		{BA952FAF-3EEC-490E-A963-7ACD934FD627}.Debug|iPhoneSimulator.Build.0 = Debug|Any CPU
		{BA952FAF-3EEC-490E-A963-7ACD934FD627}.Debug|x64.ActiveCfg = Debug|Any CPU
		{BA952FAF-3EEC-490E-A963-7ACD934FD627}.Debug|x64.Build.0 = Debug|Any CPU
		{BA952FAF-3EEC-490E-A963-7ACD934FD627}.Debug|x86.ActiveCfg = Debug|Any CPU
		{BA952FAF-3EEC-490E-A963-7ACD934FD627}.Debug|x86.Build.0 = Debug|Any CPU
		{BA952FAF-3EEC-490E-A963-7ACD934FD627}.Release|Any CPU.ActiveCfg = Release|Any CPU
		{BA952FAF-3EEC-490E-A963-7ACD934FD627}.Release|Any CPU.Build.0 = Release|Any CPU
		{BA952FAF-3EEC-490E-A963-7ACD934FD627}.Release|ARM.ActiveCfg = Release|Any CPU
		{BA952FAF-3EEC-490E-A963-7ACD934FD627}.Release|ARM.Build.0 = Release|Any CPU
		{BA952FAF-3EEC-490E-A963-7ACD934FD627}.Release|ARM64.ActiveCfg = Release|Any CPU
		{BA952FAF-3EEC-490E-A963-7ACD934FD627}.Release|ARM64.Build.0 = Release|Any CPU
		{BA952FAF-3EEC-490E-A963-7ACD934FD627}.Release|iPhone.ActiveCfg = Release|Any CPU
		{BA952FAF-3EEC-490E-A963-7ACD934FD627}.Release|iPhone.Build.0 = Release|Any CPU
		{BA952FAF-3EEC-490E-A963-7ACD934FD627}.Release|iPhoneSimulator.ActiveCfg = Release|Any CPU
		{BA952FAF-3EEC-490E-A963-7ACD934FD627}.Release|iPhoneSimulator.Build.0 = Release|Any CPU
		{BA952FAF-3EEC-490E-A963-7ACD934FD627}.Release|x64.ActiveCfg = Release|Any CPU
		{BA952FAF-3EEC-490E-A963-7ACD934FD627}.Release|x64.Build.0 = Release|Any CPU
		{BA952FAF-3EEC-490E-A963-7ACD934FD627}.Release|x86.ActiveCfg = Release|Any CPU
		{BA952FAF-3EEC-490E-A963-7ACD934FD627}.Release|x86.Build.0 = Release|Any CPU
		{AA4F2220-C948-44F4-B5B3-4D2E34105B13}.Ad-Hoc|Any CPU.ActiveCfg = Debug|Any CPU
		{AA4F2220-C948-44F4-B5B3-4D2E34105B13}.Ad-Hoc|Any CPU.Build.0 = Debug|Any CPU
		{AA4F2220-C948-44F4-B5B3-4D2E34105B13}.Ad-Hoc|ARM.ActiveCfg = Debug|Any CPU
		{AA4F2220-C948-44F4-B5B3-4D2E34105B13}.Ad-Hoc|ARM.Build.0 = Debug|Any CPU
		{AA4F2220-C948-44F4-B5B3-4D2E34105B13}.Ad-Hoc|ARM64.ActiveCfg = Debug|Any CPU
		{AA4F2220-C948-44F4-B5B3-4D2E34105B13}.Ad-Hoc|ARM64.Build.0 = Debug|Any CPU
		{AA4F2220-C948-44F4-B5B3-4D2E34105B13}.Ad-Hoc|iPhone.ActiveCfg = Debug|Any CPU
		{AA4F2220-C948-44F4-B5B3-4D2E34105B13}.Ad-Hoc|iPhone.Build.0 = Debug|Any CPU
		{AA4F2220-C948-44F4-B5B3-4D2E34105B13}.Ad-Hoc|iPhoneSimulator.ActiveCfg = Debug|Any CPU
		{AA4F2220-C948-44F4-B5B3-4D2E34105B13}.Ad-Hoc|iPhoneSimulator.Build.0 = Debug|Any CPU
		{AA4F2220-C948-44F4-B5B3-4D2E34105B13}.Ad-Hoc|x64.ActiveCfg = Debug|Any CPU
		{AA4F2220-C948-44F4-B5B3-4D2E34105B13}.Ad-Hoc|x64.Build.0 = Debug|Any CPU
		{AA4F2220-C948-44F4-B5B3-4D2E34105B13}.Ad-Hoc|x86.ActiveCfg = Debug|Any CPU
		{AA4F2220-C948-44F4-B5B3-4D2E34105B13}.Ad-Hoc|x86.Build.0 = Debug|Any CPU
		{AA4F2220-C948-44F4-B5B3-4D2E34105B13}.AppStore|Any CPU.ActiveCfg = Debug|Any CPU
		{AA4F2220-C948-44F4-B5B3-4D2E34105B13}.AppStore|Any CPU.Build.0 = Debug|Any CPU
		{AA4F2220-C948-44F4-B5B3-4D2E34105B13}.AppStore|ARM.ActiveCfg = Debug|Any CPU
		{AA4F2220-C948-44F4-B5B3-4D2E34105B13}.AppStore|ARM.Build.0 = Debug|Any CPU
		{AA4F2220-C948-44F4-B5B3-4D2E34105B13}.AppStore|ARM64.ActiveCfg = Debug|Any CPU
		{AA4F2220-C948-44F4-B5B3-4D2E34105B13}.AppStore|ARM64.Build.0 = Debug|Any CPU
		{AA4F2220-C948-44F4-B5B3-4D2E34105B13}.AppStore|iPhone.ActiveCfg = Debug|Any CPU
		{AA4F2220-C948-44F4-B5B3-4D2E34105B13}.AppStore|iPhone.Build.0 = Debug|Any CPU
		{AA4F2220-C948-44F4-B5B3-4D2E34105B13}.AppStore|iPhoneSimulator.ActiveCfg = Debug|Any CPU
		{AA4F2220-C948-44F4-B5B3-4D2E34105B13}.AppStore|iPhoneSimulator.Build.0 = Debug|Any CPU
		{AA4F2220-C948-44F4-B5B3-4D2E34105B13}.AppStore|x64.ActiveCfg = Debug|Any CPU
		{AA4F2220-C948-44F4-B5B3-4D2E34105B13}.AppStore|x64.Build.0 = Debug|Any CPU
		{AA4F2220-C948-44F4-B5B3-4D2E34105B13}.AppStore|x86.ActiveCfg = Debug|Any CPU
		{AA4F2220-C948-44F4-B5B3-4D2E34105B13}.AppStore|x86.Build.0 = Debug|Any CPU
		{AA4F2220-C948-44F4-B5B3-4D2E34105B13}.Debug|Any CPU.ActiveCfg = Debug|Any CPU
		{AA4F2220-C948-44F4-B5B3-4D2E34105B13}.Debug|Any CPU.Build.0 = Debug|Any CPU
		{AA4F2220-C948-44F4-B5B3-4D2E34105B13}.Debug|ARM.ActiveCfg = Debug|Any CPU
		{AA4F2220-C948-44F4-B5B3-4D2E34105B13}.Debug|ARM.Build.0 = Debug|Any CPU
		{AA4F2220-C948-44F4-B5B3-4D2E34105B13}.Debug|ARM64.ActiveCfg = Debug|Any CPU
		{AA4F2220-C948-44F4-B5B3-4D2E34105B13}.Debug|ARM64.Build.0 = Debug|Any CPU
		{AA4F2220-C948-44F4-B5B3-4D2E34105B13}.Debug|iPhone.ActiveCfg = Debug|Any CPU
		{AA4F2220-C948-44F4-B5B3-4D2E34105B13}.Debug|iPhone.Build.0 = Debug|Any CPU
		{AA4F2220-C948-44F4-B5B3-4D2E34105B13}.Debug|iPhoneSimulator.ActiveCfg = Debug|Any CPU
		{AA4F2220-C948-44F4-B5B3-4D2E34105B13}.Debug|iPhoneSimulator.Build.0 = Debug|Any CPU
		{AA4F2220-C948-44F4-B5B3-4D2E34105B13}.Debug|x64.ActiveCfg = Debug|Any CPU
		{AA4F2220-C948-44F4-B5B3-4D2E34105B13}.Debug|x64.Build.0 = Debug|Any CPU
		{AA4F2220-C948-44F4-B5B3-4D2E34105B13}.Debug|x86.ActiveCfg = Debug|Any CPU
		{AA4F2220-C948-44F4-B5B3-4D2E34105B13}.Debug|x86.Build.0 = Debug|Any CPU
		{AA4F2220-C948-44F4-B5B3-4D2E34105B13}.Release|Any CPU.ActiveCfg = Release|Any CPU
		{AA4F2220-C948-44F4-B5B3-4D2E34105B13}.Release|Any CPU.Build.0 = Release|Any CPU
		{AA4F2220-C948-44F4-B5B3-4D2E34105B13}.Release|ARM.ActiveCfg = Release|Any CPU
		{AA4F2220-C948-44F4-B5B3-4D2E34105B13}.Release|ARM.Build.0 = Release|Any CPU
		{AA4F2220-C948-44F4-B5B3-4D2E34105B13}.Release|ARM64.ActiveCfg = Release|Any CPU
		{AA4F2220-C948-44F4-B5B3-4D2E34105B13}.Release|ARM64.Build.0 = Release|Any CPU
		{AA4F2220-C948-44F4-B5B3-4D2E34105B13}.Release|iPhone.ActiveCfg = Release|Any CPU
		{AA4F2220-C948-44F4-B5B3-4D2E34105B13}.Release|iPhone.Build.0 = Release|Any CPU
		{AA4F2220-C948-44F4-B5B3-4D2E34105B13}.Release|iPhoneSimulator.ActiveCfg = Release|Any CPU
		{AA4F2220-C948-44F4-B5B3-4D2E34105B13}.Release|iPhoneSimulator.Build.0 = Release|Any CPU
		{AA4F2220-C948-44F4-B5B3-4D2E34105B13}.Release|x64.ActiveCfg = Release|Any CPU
		{AA4F2220-C948-44F4-B5B3-4D2E34105B13}.Release|x64.Build.0 = Release|Any CPU
		{AA4F2220-C948-44F4-B5B3-4D2E34105B13}.Release|x86.ActiveCfg = Release|Any CPU
		{AA4F2220-C948-44F4-B5B3-4D2E34105B13}.Release|x86.Build.0 = Release|Any CPU
		{417A6E81-4D2E-4D1F-988E-8FC21049D9CC}.Ad-Hoc|Any CPU.ActiveCfg = Debug|Any CPU
		{417A6E81-4D2E-4D1F-988E-8FC21049D9CC}.Ad-Hoc|Any CPU.Build.0 = Debug|Any CPU
		{417A6E81-4D2E-4D1F-988E-8FC21049D9CC}.Ad-Hoc|ARM.ActiveCfg = Debug|Any CPU
		{417A6E81-4D2E-4D1F-988E-8FC21049D9CC}.Ad-Hoc|ARM.Build.0 = Debug|Any CPU
		{417A6E81-4D2E-4D1F-988E-8FC21049D9CC}.Ad-Hoc|ARM64.ActiveCfg = Debug|Any CPU
		{417A6E81-4D2E-4D1F-988E-8FC21049D9CC}.Ad-Hoc|ARM64.Build.0 = Debug|Any CPU
		{417A6E81-4D2E-4D1F-988E-8FC21049D9CC}.Ad-Hoc|iPhone.ActiveCfg = Debug|Any CPU
		{417A6E81-4D2E-4D1F-988E-8FC21049D9CC}.Ad-Hoc|iPhone.Build.0 = Debug|Any CPU
		{417A6E81-4D2E-4D1F-988E-8FC21049D9CC}.Ad-Hoc|iPhoneSimulator.ActiveCfg = Debug|Any CPU
		{417A6E81-4D2E-4D1F-988E-8FC21049D9CC}.Ad-Hoc|iPhoneSimulator.Build.0 = Debug|Any CPU
		{417A6E81-4D2E-4D1F-988E-8FC21049D9CC}.Ad-Hoc|x64.ActiveCfg = Debug|Any CPU
		{417A6E81-4D2E-4D1F-988E-8FC21049D9CC}.Ad-Hoc|x64.Build.0 = Debug|Any CPU
		{417A6E81-4D2E-4D1F-988E-8FC21049D9CC}.Ad-Hoc|x86.ActiveCfg = Debug|Any CPU
		{417A6E81-4D2E-4D1F-988E-8FC21049D9CC}.Ad-Hoc|x86.Build.0 = Debug|Any CPU
		{417A6E81-4D2E-4D1F-988E-8FC21049D9CC}.AppStore|Any CPU.ActiveCfg = Debug|Any CPU
		{417A6E81-4D2E-4D1F-988E-8FC21049D9CC}.AppStore|Any CPU.Build.0 = Debug|Any CPU
		{417A6E81-4D2E-4D1F-988E-8FC21049D9CC}.AppStore|ARM.ActiveCfg = Debug|Any CPU
		{417A6E81-4D2E-4D1F-988E-8FC21049D9CC}.AppStore|ARM.Build.0 = Debug|Any CPU
		{417A6E81-4D2E-4D1F-988E-8FC21049D9CC}.AppStore|ARM64.ActiveCfg = Debug|Any CPU
		{417A6E81-4D2E-4D1F-988E-8FC21049D9CC}.AppStore|ARM64.Build.0 = Debug|Any CPU
		{417A6E81-4D2E-4D1F-988E-8FC21049D9CC}.AppStore|iPhone.ActiveCfg = Debug|Any CPU
		{417A6E81-4D2E-4D1F-988E-8FC21049D9CC}.AppStore|iPhone.Build.0 = Debug|Any CPU
		{417A6E81-4D2E-4D1F-988E-8FC21049D9CC}.AppStore|iPhoneSimulator.ActiveCfg = Debug|Any CPU
		{417A6E81-4D2E-4D1F-988E-8FC21049D9CC}.AppStore|iPhoneSimulator.Build.0 = Debug|Any CPU
		{417A6E81-4D2E-4D1F-988E-8FC21049D9CC}.AppStore|x64.ActiveCfg = Debug|Any CPU
		{417A6E81-4D2E-4D1F-988E-8FC21049D9CC}.AppStore|x64.Build.0 = Debug|Any CPU
		{417A6E81-4D2E-4D1F-988E-8FC21049D9CC}.AppStore|x86.ActiveCfg = Debug|Any CPU
		{417A6E81-4D2E-4D1F-988E-8FC21049D9CC}.AppStore|x86.Build.0 = Debug|Any CPU
		{417A6E81-4D2E-4D1F-988E-8FC21049D9CC}.Debug|Any CPU.ActiveCfg = Debug|Any CPU
		{417A6E81-4D2E-4D1F-988E-8FC21049D9CC}.Debug|Any CPU.Build.0 = Debug|Any CPU
		{417A6E81-4D2E-4D1F-988E-8FC21049D9CC}.Debug|ARM.ActiveCfg = Debug|Any CPU
		{417A6E81-4D2E-4D1F-988E-8FC21049D9CC}.Debug|ARM.Build.0 = Debug|Any CPU
		{417A6E81-4D2E-4D1F-988E-8FC21049D9CC}.Debug|ARM64.ActiveCfg = Debug|Any CPU
		{417A6E81-4D2E-4D1F-988E-8FC21049D9CC}.Debug|ARM64.Build.0 = Debug|Any CPU
		{417A6E81-4D2E-4D1F-988E-8FC21049D9CC}.Debug|iPhone.ActiveCfg = Debug|Any CPU
		{417A6E81-4D2E-4D1F-988E-8FC21049D9CC}.Debug|iPhone.Build.0 = Debug|Any CPU
		{417A6E81-4D2E-4D1F-988E-8FC21049D9CC}.Debug|iPhoneSimulator.ActiveCfg = Debug|Any CPU
		{417A6E81-4D2E-4D1F-988E-8FC21049D9CC}.Debug|iPhoneSimulator.Build.0 = Debug|Any CPU
		{417A6E81-4D2E-4D1F-988E-8FC21049D9CC}.Debug|x64.ActiveCfg = Debug|Any CPU
		{417A6E81-4D2E-4D1F-988E-8FC21049D9CC}.Debug|x64.Build.0 = Debug|Any CPU
		{417A6E81-4D2E-4D1F-988E-8FC21049D9CC}.Debug|x86.ActiveCfg = Debug|Any CPU
		{417A6E81-4D2E-4D1F-988E-8FC21049D9CC}.Debug|x86.Build.0 = Debug|Any CPU
		{417A6E81-4D2E-4D1F-988E-8FC21049D9CC}.Release|Any CPU.ActiveCfg = Release|Any CPU
		{417A6E81-4D2E-4D1F-988E-8FC21049D9CC}.Release|Any CPU.Build.0 = Release|Any CPU
		{417A6E81-4D2E-4D1F-988E-8FC21049D9CC}.Release|ARM.ActiveCfg = Release|Any CPU
		{417A6E81-4D2E-4D1F-988E-8FC21049D9CC}.Release|ARM.Build.0 = Release|Any CPU
		{417A6E81-4D2E-4D1F-988E-8FC21049D9CC}.Release|ARM64.ActiveCfg = Release|Any CPU
		{417A6E81-4D2E-4D1F-988E-8FC21049D9CC}.Release|ARM64.Build.0 = Release|Any CPU
		{417A6E81-4D2E-4D1F-988E-8FC21049D9CC}.Release|iPhone.ActiveCfg = Release|Any CPU
		{417A6E81-4D2E-4D1F-988E-8FC21049D9CC}.Release|iPhone.Build.0 = Release|Any CPU
		{417A6E81-4D2E-4D1F-988E-8FC21049D9CC}.Release|iPhoneSimulator.ActiveCfg = Release|Any CPU
		{417A6E81-4D2E-4D1F-988E-8FC21049D9CC}.Release|iPhoneSimulator.Build.0 = Release|Any CPU
		{417A6E81-4D2E-4D1F-988E-8FC21049D9CC}.Release|x64.ActiveCfg = Release|Any CPU
		{417A6E81-4D2E-4D1F-988E-8FC21049D9CC}.Release|x64.Build.0 = Release|Any CPU
		{417A6E81-4D2E-4D1F-988E-8FC21049D9CC}.Release|x86.ActiveCfg = Release|Any CPU
		{417A6E81-4D2E-4D1F-988E-8FC21049D9CC}.Release|x86.Build.0 = Release|Any CPU
	EndGlobalSection
	GlobalSection(SolutionProperties) = preSolution
		HideSolutionNode = FALSE
	EndGlobalSection
	GlobalSection(NestedProjects) = preSolution
		{05876687-089A-4DE6-B179-C36C71278C76} = {B915492D-26FA-4C11-A5AD-FEDA333CB867}
		{DCBD0AE3-AC7F-407B-904A-9107631B45FD} = {B915492D-26FA-4C11-A5AD-FEDA333CB867}
		{F1071C51-ABD0-4D97-82AF-BFB677024EBB} = {B915492D-26FA-4C11-A5AD-FEDA333CB867}
		{24AA0377-078F-4045-B214-989102DBFCBA} = {B915492D-26FA-4C11-A5AD-FEDA333CB867}
		{19B9E601-5232-4242-A7E7-585FB52EC55C} = {B915492D-26FA-4C11-A5AD-FEDA333CB867}
		{60874A1E-F423-45D6-9B6D-073B0E48D8BA} = {B915492D-26FA-4C11-A5AD-FEDA333CB867}
		{BA952FAF-3EEC-490E-A963-7ACD934FD627} = {B915492D-26FA-4C11-A5AD-FEDA333CB867}
		{AA4F2220-C948-44F4-B5B3-4D2E34105B13} = {B915492D-26FA-4C11-A5AD-FEDA333CB867}
		{417A6E81-4D2E-4D1F-988E-8FC21049D9CC} = {B915492D-26FA-4C11-A5AD-FEDA333CB867}
	EndGlobalSection
	GlobalSection(ExtensibilityGlobals) = postSolution
		SolutionGuid = {D4A2374A-2BE0-4673-8757-1BF1234FD390}
	EndGlobalSection
EndGlobal
